// !$*UTF8*$!
{
	archiveVersion = 1;
	classes = {
	};
	objectVersion = 46;
	objects = {

/* Begin PBXBuildFile section */
		D43C19581BD6680C0045B042 /* CoreLocation.framework in Frameworks */ = {isa = PBXBuildFile; fileRef = D43C19571BD6680C0045B042 /* CoreLocation.framework */; };
		D4869F2F1B4576BB00212552 /* libzbar.a in Frameworks */ = {isa = PBXBuildFile; fileRef = D4869F291B4576BB00212552 /* libzbar.a */; };
		D4869F301B4576BB00212552 /* zbar-back.png in Resources */ = {isa = PBXBuildFile; fileRef = D4869F2B1B4576BB00212552 /* zbar-back.png */; };
		D4869F311B4576BB00212552 /* zbar-help.html in Resources */ = {isa = PBXBuildFile; fileRef = D4869F2C1B4576BB00212552 /* zbar-help.html */; };
		D4869F321B4576BB00212552 /* zbar-helpicons.png in Resources */ = {isa = PBXBuildFile; fileRef = D4869F2D1B4576BB00212552 /* zbar-helpicons.png */; };
		D4869F331B4576BB00212552 /* zbar-samples.png in Resources */ = {isa = PBXBuildFile; fileRef = D4869F2E1B4576BB00212552 /* zbar-samples.png */; };
		D4A607401BDA343B0042EA07 /* MediaPlayer.framework in Frameworks */ = {isa = PBXBuildFile; fileRef = D4A6073F1BDA343B0042EA07 /* MediaPlayer.framework */; };
		D4A607431BDA34930042EA07 /* musicViewController.m in Sources */ = {isa = PBXBuildFile; fileRef = D4A607421BDA34930042EA07 /* musicViewController.m */; };
		D4BE2FA91B25D4E9003AA93E /* InfoPlist.strings in Resources */ = {isa = PBXBuildFile; fileRef = D4BE2FA51B25D4E9003AA93E /* InfoPlist.strings */; };
		D4BE2FAA1B25D4E9003AA93E /* Localizable.strings in Resources */ = {isa = PBXBuildFile; fileRef = D4BE2FA71B25D4E9003AA93E /* Localizable.strings */; };
		D4BE2FAB1B25D5D5003AA93E /* AVFoundation.framework in Frameworks */ = {isa = PBXBuildFile; fileRef = F5F9F25E1AADC87F00C47320 /* AVFoundation.framework */; };
		D4BE2FAC1B25D5DE003AA93E /* CoreGraphics.framework in Frameworks */ = {isa = PBXBuildFile; fileRef = F511E280196C27EE004D315F /* CoreGraphics.framework */; };
		D4BE2FAE1B25D5E7003AA93E /* CoreMedia.framework in Frameworks */ = {isa = PBXBuildFile; fileRef = D4BE2FAD1B25D5E7003AA93E /* CoreMedia.framework */; };
		D4BE2FB01B25D5EE003AA93E /* CoreAudio.framework in Frameworks */ = {isa = PBXBuildFile; fileRef = D4BE2FAF1B25D5EE003AA93E /* CoreAudio.framework */; };
		D4BE2FB21B25D5F4003AA93E /* CoreVideo.framework in Frameworks */ = {isa = PBXBuildFile; fileRef = D4BE2FB11B25D5F4003AA93E /* CoreVideo.framework */; };
		D4BE2FB41B25D5FA003AA93E /* QuartzCore.framework in Frameworks */ = {isa = PBXBuildFile; fileRef = D4BE2FB31B25D5FA003AA93E /* QuartzCore.framework */; };
		D4BE2FB61B25D601003AA93E /* libiconv.dylib in Frameworks */ = {isa = PBXBuildFile; fileRef = D4BE2FB51B25D601003AA93E /* libiconv.dylib */; };
		D4BE74EA1BDA351E000AEA22 /* AudioPlayer.m in Sources */ = {isa = PBXBuildFile; fileRef = D4BE74E01BDA351E000AEA22 /* AudioPlayer.m */; };
		D4BE74EB1BDA351E000AEA22 /* SocialSharing.m in Sources */ = {isa = PBXBuildFile; fileRef = D4BE74E91BDA351E000AEA22 /* SocialSharing.m */; };
		F511E27F196C27EE004D315F /* Foundation.framework in Frameworks */ = {isa = PBXBuildFile; fileRef = F511E27E196C27EE004D315F /* Foundation.framework */; };
		F511E283196C27EE004D315F /* UIKit.framework in Frameworks */ = {isa = PBXBuildFile; fileRef = F511E282196C27EE004D315F /* UIKit.framework */; };
		F511E289196C27EE004D315F /* InfoPlist.strings in Resources */ = {isa = PBXBuildFile; fileRef = F511E287196C27EE004D315F /* InfoPlist.strings */; };
		F511E28B196C27EE004D315F /* main.m in Sources */ = {isa = PBXBuildFile; fileRef = F511E28A196C27EE004D315F /* main.m */; };
		F511E28F196C27EE004D315F /* AppDelegate.m in Sources */ = {isa = PBXBuildFile; fileRef = F511E28E196C27EE004D315F /* AppDelegate.m */; };
		F511E292196C27EE004D315F /* Main.storyboard in Resources */ = {isa = PBXBuildFile; fileRef = F511E290196C27EE004D315F /* Main.storyboard */; };
		F511E295196C27EE004D315F /* ViewController.m in Sources */ = {isa = PBXBuildFile; fileRef = F511E294196C27EE004D315F /* ViewController.m */; };
		F511E297196C27EE004D315F /* Images.xcassets in Resources */ = {isa = PBXBuildFile; fileRef = F511E296196C27EE004D315F /* Images.xcassets */; };
		F511E2B7196C3A5C004D315F /* Request.m in Sources */ = {isa = PBXBuildFile; fileRef = F511E2B6196C3A5C004D315F /* Request.m */; };
		F511E2BB196C3B21004D315F /* Url.m in Sources */ = {isa = PBXBuildFile; fileRef = F511E2BA196C3B21004D315F /* Url.m */; };
		F52838CE199A1ABE00F3EB90 /* webViewController.m in Sources */ = {isa = PBXBuildFile; fileRef = F52838CC199A1ABE00F3EB90 /* webViewController.m */; };
		F52838D3199A1DB400F3EB90 /* loaderView.m in Sources */ = {isa = PBXBuildFile; fileRef = F52838D2199A1DB400F3EB90 /* loaderView.m */; };
		F52838D6199A1F2800F3EB90 /* common.m in Sources */ = {isa = PBXBuildFile; fileRef = F52838D5199A1F2800F3EB90 /* common.m */; };
		F5A595A1196E91FF00EC6183 /* EVURLCache.m in Sources */ = {isa = PBXBuildFile; fileRef = F5A59598196E914100EC6183 /* EVURLCache.m */; };
		F5A595A8196E995A00EC6183 /* RNCachingURLProtocol.m in Sources */ = {isa = PBXBuildFile; fileRef = F5A595A7196E995A00EC6183 /* RNCachingURLProtocol.m */; };
		F5E20DDF1A52BCC4007AA5F5 /* AddressBookUI.framework in Frameworks */ = {isa = PBXBuildFile; fileRef = F5E20DDE1A52BCC4007AA5F5 /* AddressBookUI.framework */; };
		F5E20DE31A52D747007AA5F5 /* Contact.m in Sources */ = {isa = PBXBuildFile; fileRef = F5E20DE21A52D747007AA5F5 /* Contact.m */; };
/* End PBXBuildFile section */

/* Begin PBXFileReference section */
		D43C19571BD6680C0045B042 /* CoreLocation.framework */ = {isa = PBXFileReference; lastKnownFileType = wrapper.framework; name = CoreLocation.framework; path = System/Library/Frameworks/CoreLocation.framework; sourceTree = SDKROOT; };
		D4869F151B4576BB00212552 /* Decoder.h */ = {isa = PBXFileReference; fileEncoding = 4; lastKnownFileType = sourcecode.c.h; path = Decoder.h; sourceTree = "<group>"; };
		D4869F161B4576BB00212552 /* Exception.h */ = {isa = PBXFileReference; fileEncoding = 4; lastKnownFileType = sourcecode.c.h; path = Exception.h; sourceTree = "<group>"; };
		D4869F171B4576BB00212552 /* Image.h */ = {isa = PBXFileReference; fileEncoding = 4; lastKnownFileType = sourcecode.c.h; path = Image.h; sourceTree = "<group>"; };
		D4869F181B4576BB00212552 /* ImageScanner.h */ = {isa = PBXFileReference; fileEncoding = 4; lastKnownFileType = sourcecode.c.h; path = ImageScanner.h; sourceTree = "<group>"; };
		D4869F191B4576BB00212552 /* Processor.h */ = {isa = PBXFileReference; fileEncoding = 4; lastKnownFileType = sourcecode.c.h; path = Processor.h; sourceTree = "<group>"; };
		D4869F1A1B4576BB00212552 /* Scanner.h */ = {isa = PBXFileReference; fileEncoding = 4; lastKnownFileType = sourcecode.c.h; path = Scanner.h; sourceTree = "<group>"; };
		D4869F1B1B4576BB00212552 /* Symbol.h */ = {isa = PBXFileReference; fileEncoding = 4; lastKnownFileType = sourcecode.c.h; path = Symbol.h; sourceTree = "<group>"; };
		D4869F1C1B4576BB00212552 /* Video.h */ = {isa = PBXFileReference; fileEncoding = 4; lastKnownFileType = sourcecode.c.h; path = Video.h; sourceTree = "<group>"; };
		D4869F1D1B4576BB00212552 /* Window.h */ = {isa = PBXFileReference; fileEncoding = 4; lastKnownFileType = sourcecode.c.h; path = Window.h; sourceTree = "<group>"; };
		D4869F1E1B4576BB00212552 /* zbar.h */ = {isa = PBXFileReference; fileEncoding = 4; lastKnownFileType = sourcecode.c.h; path = zbar.h; sourceTree = "<group>"; };
		D4869F1F1B4576BB00212552 /* ZBarCameraSimulator.h */ = {isa = PBXFileReference; fileEncoding = 4; lastKnownFileType = sourcecode.c.h; path = ZBarCameraSimulator.h; sourceTree = "<group>"; };
		D4869F201B4576BB00212552 /* ZBarCaptureReader.h */ = {isa = PBXFileReference; fileEncoding = 4; lastKnownFileType = sourcecode.c.h; path = ZBarCaptureReader.h; sourceTree = "<group>"; };
		D4869F211B4576BB00212552 /* ZBarHelpController.h */ = {isa = PBXFileReference; fileEncoding = 4; lastKnownFileType = sourcecode.c.h; path = ZBarHelpController.h; sourceTree = "<group>"; };
		D4869F221B4576BB00212552 /* ZBarImage.h */ = {isa = PBXFileReference; fileEncoding = 4; lastKnownFileType = sourcecode.c.h; path = ZBarImage.h; sourceTree = "<group>"; };
		D4869F231B4576BB00212552 /* ZBarImageScanner.h */ = {isa = PBXFileReference; fileEncoding = 4; lastKnownFileType = sourcecode.c.h; path = ZBarImageScanner.h; sourceTree = "<group>"; };
		D4869F241B4576BB00212552 /* ZBarReaderController.h */ = {isa = PBXFileReference; fileEncoding = 4; lastKnownFileType = sourcecode.c.h; path = ZBarReaderController.h; sourceTree = "<group>"; };
		D4869F251B4576BB00212552 /* ZBarReaderView.h */ = {isa = PBXFileReference; fileEncoding = 4; lastKnownFileType = sourcecode.c.h; path = ZBarReaderView.h; sourceTree = "<group>"; };
		D4869F261B4576BB00212552 /* ZBarReaderViewController.h */ = {isa = PBXFileReference; fileEncoding = 4; lastKnownFileType = sourcecode.c.h; path = ZBarReaderViewController.h; sourceTree = "<group>"; };
		D4869F271B4576BB00212552 /* ZBarSDK.h */ = {isa = PBXFileReference; fileEncoding = 4; lastKnownFileType = sourcecode.c.h; path = ZBarSDK.h; sourceTree = "<group>"; };
		D4869F281B4576BB00212552 /* ZBarSymbol.h */ = {isa = PBXFileReference; fileEncoding = 4; lastKnownFileType = sourcecode.c.h; path = ZBarSymbol.h; sourceTree = "<group>"; };
		D4869F291B4576BB00212552 /* libzbar.a */ = {isa = PBXFileReference; lastKnownFileType = archive.ar; path = libzbar.a; sourceTree = "<group>"; };
		D4869F2B1B4576BB00212552 /* zbar-back.png */ = {isa = PBXFileReference; lastKnownFileType = image.png; path = "zbar-back.png"; sourceTree = "<group>"; };
		D4869F2C1B4576BB00212552 /* zbar-help.html */ = {isa = PBXFileReference; fileEncoding = 4; lastKnownFileType = text.html; path = "zbar-help.html"; sourceTree = "<group>"; };
		D4869F2D1B4576BB00212552 /* zbar-helpicons.png */ = {isa = PBXFileReference; lastKnownFileType = image.png; path = "zbar-helpicons.png"; sourceTree = "<group>"; };
		D4869F2E1B4576BB00212552 /* zbar-samples.png */ = {isa = PBXFileReference; lastKnownFileType = image.png; path = "zbar-samples.png"; sourceTree = "<group>"; };
		D4A6073F1BDA343B0042EA07 /* MediaPlayer.framework */ = {isa = PBXFileReference; lastKnownFileType = wrapper.framework; name = MediaPlayer.framework; path = System/Library/Frameworks/MediaPlayer.framework; sourceTree = SDKROOT; };
		D4A607411BDA34930042EA07 /* musicViewController.h */ = {isa = PBXFileReference; fileEncoding = 4; lastKnownFileType = sourcecode.c.h; path = musicViewController.h; sourceTree = "<group>"; };
		D4A607421BDA34930042EA07 /* musicViewController.m */ = {isa = PBXFileReference; fileEncoding = 4; lastKnownFileType = sourcecode.c.objc; path = musicViewController.m; sourceTree = "<group>"; };
		D4BE2FA61B25D4E9003AA93E /* en */ = {isa = PBXFileReference; lastKnownFileType = text.plist.strings; name = en; path = InfoPlist.strings; sourceTree = "<group>"; };
		D4BE2FA81B25D4E9003AA93E /* en */ = {isa = PBXFileReference; lastKnownFileType = text.plist.strings; name = en; path = Localizable.strings; sourceTree = "<group>"; };
		D4BE2FAD1B25D5E7003AA93E /* CoreMedia.framework */ = {isa = PBXFileReference; lastKnownFileType = wrapper.framework; name = CoreMedia.framework; path = System/Library/Frameworks/CoreMedia.framework; sourceTree = SDKROOT; };
		D4BE2FAF1B25D5EE003AA93E /* CoreAudio.framework */ = {isa = PBXFileReference; lastKnownFileType = wrapper.framework; name = CoreAudio.framework; path = System/Library/Frameworks/CoreAudio.framework; sourceTree = SDKROOT; };
		D4BE2FB11B25D5F4003AA93E /* CoreVideo.framework */ = {isa = PBXFileReference; lastKnownFileType = wrapper.framework; name = CoreVideo.framework; path = System/Library/Frameworks/CoreVideo.framework; sourceTree = SDKROOT; };
		D4BE2FB31B25D5FA003AA93E /* QuartzCore.framework */ = {isa = PBXFileReference; lastKnownFileType = wrapper.framework; name = QuartzCore.framework; path = System/Library/Frameworks/QuartzCore.framework; sourceTree = SDKROOT; };
		D4BE2FB51B25D601003AA93E /* libiconv.dylib */ = {isa = PBXFileReference; lastKnownFileType = "compiled.mach-o.dylib"; name = libiconv.dylib; path = usr/lib/libiconv.dylib; sourceTree = SDKROOT; };
		D4BE74DF1BDA351E000AEA22 /* AudioPlayer.h */ = {isa = PBXFileReference; fileEncoding = 4; lastKnownFileType = sourcecode.c.h; path = AudioPlayer.h; sourceTree = "<group>"; };
		D4BE74E01BDA351E000AEA22 /* AudioPlayer.m */ = {isa = PBXFileReference; fileEncoding = 4; lastKnownFileType = sourcecode.c.objc; path = AudioPlayer.m; sourceTree = "<group>"; };
		D4BE74E81BDA351E000AEA22 /* SocialSharing.h */ = {isa = PBXFileReference; fileEncoding = 4; lastKnownFileType = sourcecode.c.h; path = SocialSharing.h; sourceTree = "<group>"; };
		D4BE74E91BDA351E000AEA22 /* SocialSharing.m */ = {isa = PBXFileReference; fileEncoding = 4; lastKnownFileType = sourcecode.c.objc; path = SocialSharing.m; sourceTree = "<group>"; };
		F511E27B196C27EE004D315F /* Apps Mobile Company.app */ = {isa = PBXFileReference; explicitFileType = wrapper.application; includeInIndex = 0; path = "Apps Mobile Company.app"; sourceTree = BUILT_PRODUCTS_DIR; };
		F511E27E196C27EE004D315F /* Foundation.framework */ = {isa = PBXFileReference; lastKnownFileType = wrapper.framework; name = Foundation.framework; path = System/Library/Frameworks/Foundation.framework; sourceTree = SDKROOT; };
		F511E280196C27EE004D315F /* CoreGraphics.framework */ = {isa = PBXFileReference; lastKnownFileType = wrapper.framework; name = CoreGraphics.framework; path = System/Library/Frameworks/CoreGraphics.framework; sourceTree = SDKROOT; };
		F511E282196C27EE004D315F /* UIKit.framework */ = {isa = PBXFileReference; lastKnownFileType = wrapper.framework; name = UIKit.framework; path = System/Library/Frameworks/UIKit.framework; sourceTree = SDKROOT; };
		F511E286196C27EE004D315F /* Apps Mobile Company-Info.plist */ = {isa = PBXFileReference; lastKnownFileType = text.plist.xml; path = "Apps Mobile Company-Info.plist"; sourceTree = "<group>"; };
		F511E288196C27EE004D315F /* en */ = {isa = PBXFileReference; lastKnownFileType = text.plist.strings; name = en; path = en.lproj/InfoPlist.strings; sourceTree = "<group>"; };
		F511E28A196C27EE004D315F /* main.m */ = {isa = PBXFileReference; lastKnownFileType = sourcecode.c.objc; path = main.m; sourceTree = "<group>"; };
		F511E28C196C27EE004D315F /* Apps Mobile Company-Prefix.pch */ = {isa = PBXFileReference; lastKnownFileType = sourcecode.c.h; path = "Apps Mobile Company-Prefix.pch"; sourceTree = "<group>"; };
		F511E28D196C27EE004D315F /* AppDelegate.h */ = {isa = PBXFileReference; lastKnownFileType = sourcecode.c.h; path = AppDelegate.h; sourceTree = "<group>"; };
		F511E28E196C27EE004D315F /* AppDelegate.m */ = {isa = PBXFileReference; lastKnownFileType = sourcecode.c.objc; path = AppDelegate.m; sourceTree = "<group>"; };
		F511E291196C27EE004D315F /* Base */ = {isa = PBXFileReference; lastKnownFileType = file.storyboard; name = Base; path = Base.lproj/Main.storyboard; sourceTree = "<group>"; };
		F511E293196C27EE004D315F /* ViewController.h */ = {isa = PBXFileReference; lastKnownFileType = sourcecode.c.h; path = ViewController.h; sourceTree = "<group>"; };
		F511E294196C27EE004D315F /* ViewController.m */ = {isa = PBXFileReference; lastKnownFileType = sourcecode.c.objc; path = ViewController.m; sourceTree = "<group>"; };
		F511E296196C27EE004D315F /* Images.xcassets */ = {isa = PBXFileReference; lastKnownFileType = folder.assetcatalog; path = Images.xcassets; sourceTree = "<group>"; };
		F511E29D196C27EE004D315F /* XCTest.framework */ = {isa = PBXFileReference; lastKnownFileType = wrapper.framework; name = XCTest.framework; path = Library/Frameworks/XCTest.framework; sourceTree = DEVELOPER_DIR; };
		F511E2B5196C3A5C004D315F /* Request.h */ = {isa = PBXFileReference; fileEncoding = 4; lastKnownFileType = sourcecode.c.h; name = Request.h; path = Application/Request/Request.h; sourceTree = "<group>"; };
		F511E2B6196C3A5C004D315F /* Request.m */ = {isa = PBXFileReference; fileEncoding = 4; lastKnownFileType = sourcecode.c.objc; name = Request.m; path = Application/Request/Request.m; sourceTree = "<group>"; };
		F511E2B9196C3B21004D315F /* Url.h */ = {isa = PBXFileReference; fileEncoding = 4; lastKnownFileType = sourcecode.c.h; name = Url.h; path = Application/Url/Url.h; sourceTree = "<group>"; };
		F511E2BA196C3B21004D315F /* Url.m */ = {isa = PBXFileReference; fileEncoding = 4; lastKnownFileType = sourcecode.c.objc; name = Url.m; path = Application/Url/Url.m; sourceTree = "<group>"; };
		F52838CB199A1ABE00F3EB90 /* webViewController.h */ = {isa = PBXFileReference; fileEncoding = 4; lastKnownFileType = sourcecode.c.h; path = webViewController.h; sourceTree = "<group>"; };
		F52838CC199A1ABE00F3EB90 /* webViewController.m */ = {isa = PBXFileReference; fileEncoding = 4; lastKnownFileType = sourcecode.c.objc; path = webViewController.m; sourceTree = "<group>"; };
		F52838D1199A1DB400F3EB90 /* loaderView.h */ = {isa = PBXFileReference; fileEncoding = 4; lastKnownFileType = sourcecode.c.h; path = loaderView.h; sourceTree = "<group>"; };
		F52838D2199A1DB400F3EB90 /* loaderView.m */ = {isa = PBXFileReference; fileEncoding = 4; lastKnownFileType = sourcecode.c.objc; path = loaderView.m; sourceTree = "<group>"; };
		F52838D4199A1F2800F3EB90 /* common.h */ = {isa = PBXFileReference; fileEncoding = 4; lastKnownFileType = sourcecode.c.h; name = common.h; path = Application/common.h; sourceTree = "<group>"; };
		F52838D5199A1F2800F3EB90 /* common.m */ = {isa = PBXFileReference; fileEncoding = 4; lastKnownFileType = sourcecode.c.objc; name = common.m; path = Application/common.m; sourceTree = "<group>"; };
		F56A889E1AAEF9C700D725C0 /* GoogleMobileAds.framework */ = {isa = PBXFileReference; lastKnownFileType = wrapper.framework; path = GoogleMobileAds.framework; sourceTree = "<group>"; };
		F5A59597196E914100EC6183 /* EVURLCache.h */ = {isa = PBXFileReference; fileEncoding = 4; lastKnownFileType = sourcecode.c.h; path = EVURLCache.h; sourceTree = "<group>"; };
		F5A59598196E914100EC6183 /* EVURLCache.m */ = {isa = PBXFileReference; fileEncoding = 4; lastKnownFileType = sourcecode.c.objc; path = EVURLCache.m; sourceTree = "<group>"; };
		F5A595A6196E995A00EC6183 /* RNCachingURLProtocol.h */ = {isa = PBXFileReference; fileEncoding = 4; lastKnownFileType = sourcecode.c.h; path = RNCachingURLProtocol.h; sourceTree = "<group>"; };
		F5A595A7196E995A00EC6183 /* RNCachingURLProtocol.m */ = {isa = PBXFileReference; fileEncoding = 4; lastKnownFileType = sourcecode.c.objc; path = RNCachingURLProtocol.m; sourceTree = "<group>"; };
		F5E20DDE1A52BCC4007AA5F5 /* AddressBookUI.framework */ = {isa = PBXFileReference; lastKnownFileType = wrapper.framework; name = AddressBookUI.framework; path = System/Library/Frameworks/AddressBookUI.framework; sourceTree = SDKROOT; };
		F5E20DE11A52D747007AA5F5 /* Contact.h */ = {isa = PBXFileReference; fileEncoding = 4; lastKnownFileType = sourcecode.c.h; name = Contact.h; path = Application/Contact/Contact.h; sourceTree = "<group>"; };
		F5E20DE21A52D747007AA5F5 /* Contact.m */ = {isa = PBXFileReference; fileEncoding = 4; lastKnownFileType = sourcecode.c.objc; name = Contact.m; path = Application/Contact/Contact.m; sourceTree = "<group>"; };
		F5F9F25A1AADC86F00C47320 /* AdSupport.framework */ = {isa = PBXFileReference; lastKnownFileType = wrapper.framework; name = AdSupport.framework; path = System/Library/Frameworks/AdSupport.framework; sourceTree = SDKROOT; };
		F5F9F25C1AADC87700C47320 /* AudioToolbox.framework */ = {isa = PBXFileReference; lastKnownFileType = wrapper.framework; name = AudioToolbox.framework; path = System/Library/Frameworks/AudioToolbox.framework; sourceTree = SDKROOT; };
		F5F9F25E1AADC87F00C47320 /* AVFoundation.framework */ = {isa = PBXFileReference; lastKnownFileType = wrapper.framework; name = AVFoundation.framework; path = System/Library/Frameworks/AVFoundation.framework; sourceTree = SDKROOT; };
		F5F9F2601AADC88F00C47320 /* CoreTelephony.framework */ = {isa = PBXFileReference; lastKnownFileType = wrapper.framework; name = CoreTelephony.framework; path = System/Library/Frameworks/CoreTelephony.framework; sourceTree = SDKROOT; };
		F5F9F2621AADC89A00C47320 /* EventKit.framework */ = {isa = PBXFileReference; lastKnownFileType = wrapper.framework; name = EventKit.framework; path = System/Library/Frameworks/EventKit.framework; sourceTree = SDKROOT; };
		F5F9F2631AADC89A00C47320 /* EventKitUI.framework */ = {isa = PBXFileReference; lastKnownFileType = wrapper.framework; name = EventKitUI.framework; path = System/Library/Frameworks/EventKitUI.framework; sourceTree = SDKROOT; };
		F5F9F2661AADC8A400C47320 /* MessageUI.framework */ = {isa = PBXFileReference; lastKnownFileType = wrapper.framework; name = MessageUI.framework; path = System/Library/Frameworks/MessageUI.framework; sourceTree = SDKROOT; };
		F5F9F2681AADC8AA00C47320 /* StoreKit.framework */ = {isa = PBXFileReference; lastKnownFileType = wrapper.framework; name = StoreKit.framework; path = System/Library/Frameworks/StoreKit.framework; sourceTree = SDKROOT; };
		F5F9F26A1AADC8B100C47320 /* SystemConfiguration.framework */ = {isa = PBXFileReference; lastKnownFileType = wrapper.framework; name = SystemConfiguration.framework; path = System/Library/Frameworks/SystemConfiguration.framework; sourceTree = SDKROOT; };
/* End PBXFileReference section */

/* Begin PBXFrameworksBuildPhase section */
		F511E278196C27EE004D315F /* Frameworks */ = {
			isa = PBXFrameworksBuildPhase;
			buildActionMask = 2147483647;
			files = (
				D43C19581BD6680C0045B042 /* CoreLocation.framework in Frameworks */,
				D4A607401BDA343B0042EA07 /* MediaPlayer.framework in Frameworks */,
				D4BE2FB61B25D601003AA93E /* libiconv.dylib in Frameworks */,
				D4BE2FAE1B25D5E7003AA93E /* CoreMedia.framework in Frameworks */,
				D4BE2FB21B25D5F4003AA93E /* CoreVideo.framework in Frameworks */,
				D4BE2FB41B25D5FA003AA93E /* QuartzCore.framework in Frameworks */,
				D4BE2FB01B25D5EE003AA93E /* CoreAudio.framework in Frameworks */,
				D4BE2FAB1B25D5D5003AA93E /* AVFoundation.framework in Frameworks */,
				F511E283196C27EE004D315F /* UIKit.framework in Frameworks */,
				F511E27F196C27EE004D315F /* Foundation.framework in Frameworks */,
				D4BE2FAC1B25D5DE003AA93E /* CoreGraphics.framework in Frameworks */,
				D4869F2F1B4576BB00212552 /* libzbar.a in Frameworks */,
				F5E20DDF1A52BCC4007AA5F5 /* AddressBookUI.framework in Frameworks */,
			);
			runOnlyForDeploymentPostprocessing = 0;
		};
/* End PBXFrameworksBuildPhase section */

/* Begin PBXGroup section */
		D4869F111B4576BB00212552 /* ZBarSDK */ = {
			isa = PBXGroup;
			children = (
				D4869F121B4576BB00212552 /* Headers */,
				D4869F291B4576BB00212552 /* libzbar.a */,
				D4869F2A1B4576BB00212552 /* Resources */,
			);
			path = ZBarSDK;
			sourceTree = "<group>";
		};
		D4869F121B4576BB00212552 /* Headers */ = {
			isa = PBXGroup;
			children = (
				D4869F131B4576BB00212552 /* ZBarSDK */,
			);
			path = Headers;
			sourceTree = "<group>";
		};
		D4869F131B4576BB00212552 /* ZBarSDK */ = {
			isa = PBXGroup;
			children = (
				D4869F141B4576BB00212552 /* zbar */,
				D4869F1E1B4576BB00212552 /* zbar.h */,
				D4869F1F1B4576BB00212552 /* ZBarCameraSimulator.h */,
				D4869F201B4576BB00212552 /* ZBarCaptureReader.h */,
				D4869F211B4576BB00212552 /* ZBarHelpController.h */,
				D4869F221B4576BB00212552 /* ZBarImage.h */,
				D4869F231B4576BB00212552 /* ZBarImageScanner.h */,
				D4869F241B4576BB00212552 /* ZBarReaderController.h */,
				D4869F251B4576BB00212552 /* ZBarReaderView.h */,
				D4869F261B4576BB00212552 /* ZBarReaderViewController.h */,
				D4869F271B4576BB00212552 /* ZBarSDK.h */,
				D4869F281B4576BB00212552 /* ZBarSymbol.h */,
			);
			path = ZBarSDK;
			sourceTree = "<group>";
		};
		D4869F141B4576BB00212552 /* zbar */ = {
			isa = PBXGroup;
			children = (
				D4869F151B4576BB00212552 /* Decoder.h */,
				D4869F161B4576BB00212552 /* Exception.h */,
				D4869F171B4576BB00212552 /* Image.h */,
				D4869F181B4576BB00212552 /* ImageScanner.h */,
				D4869F191B4576BB00212552 /* Processor.h */,
				D4869F1A1B4576BB00212552 /* Scanner.h */,
				D4869F1B1B4576BB00212552 /* Symbol.h */,
				D4869F1C1B4576BB00212552 /* Video.h */,
				D4869F1D1B4576BB00212552 /* Window.h */,
			);
			path = zbar;
			sourceTree = "<group>";
		};
		D4869F2A1B4576BB00212552 /* Resources */ = {
			isa = PBXGroup;
			children = (
				D4869F2B1B4576BB00212552 /* zbar-back.png */,
				D4869F2C1B4576BB00212552 /* zbar-help.html */,
				D4869F2D1B4576BB00212552 /* zbar-helpicons.png */,
				D4869F2E1B4576BB00212552 /* zbar-samples.png */,
			);
			path = Resources;
			sourceTree = "<group>";
		};
		D4BE2FA41B25D4E9003AA93E /* en.lproj */ = {
			isa = PBXGroup;
			children = (
				D4BE2FA51B25D4E9003AA93E /* InfoPlist.strings */,
				D4BE2FA71B25D4E9003AA93E /* Localizable.strings */,
			);
			name = en.lproj;
			path = Resources/Languages/en.lproj;
			sourceTree = "<group>";
		};
		D4BE74DE1BDA351E000AEA22 /* MediaPlayer */ = {
			isa = PBXGroup;
			children = (
				D4BE74DF1BDA351E000AEA22 /* AudioPlayer.h */,
				D4BE74E01BDA351E000AEA22 /* AudioPlayer.m */,
			);
			name = MediaPlayer;
			path = Application/MediaPlayer;
			sourceTree = "<group>";
		};
		D4BE74E71BDA351E000AEA22 /* Share */ = {
			isa = PBXGroup;
			children = (
				D4BE74E81BDA351E000AEA22 /* SocialSharing.h */,
				D4BE74E91BDA351E000AEA22 /* SocialSharing.m */,
			);
			name = Share;
			path = Application/Share;
			sourceTree = "<group>";
		};
		F511E272196C27EE004D315F = {
			isa = PBXGroup;
			children = (
				F511E284196C27EE004D315F /* Apps Mobile Company */,
				F511E27D196C27EE004D315F /* Frameworks */,
				F511E27C196C27EE004D315F /* Products */,
			);
			sourceTree = "<group>";
		};
		F511E27C196C27EE004D315F /* Products */ = {
			isa = PBXGroup;
			children = (
				F511E27B196C27EE004D315F /* Apps Mobile Company.app */,
			);
			name = Products;
			sourceTree = "<group>";
		};
		F511E27D196C27EE004D315F /* Frameworks */ = {
			isa = PBXGroup;
			children = (
				D43C19571BD6680C0045B042 /* CoreLocation.framework */,
				D4A6073F1BDA343B0042EA07 /* MediaPlayer.framework */,
				D4869F111B4576BB00212552 /* ZBarSDK */,
				D4BE2FB51B25D601003AA93E /* libiconv.dylib */,
				D4BE2FB31B25D5FA003AA93E /* QuartzCore.framework */,
				D4BE2FB11B25D5F4003AA93E /* CoreVideo.framework */,
				D4BE2FAF1B25D5EE003AA93E /* CoreAudio.framework */,
				D4BE2FAD1B25D5E7003AA93E /* CoreMedia.framework */,
				F56A889E1AAEF9C700D725C0 /* GoogleMobileAds.framework */,
				F5F9F26A1AADC8B100C47320 /* SystemConfiguration.framework */,
				F5F9F2681AADC8AA00C47320 /* StoreKit.framework */,
				F5F9F2661AADC8A400C47320 /* MessageUI.framework */,
				F5F9F2621AADC89A00C47320 /* EventKit.framework */,
				F5F9F2631AADC89A00C47320 /* EventKitUI.framework */,
				F5F9F2601AADC88F00C47320 /* CoreTelephony.framework */,
				F5F9F25E1AADC87F00C47320 /* AVFoundation.framework */,
				F5F9F25C1AADC87700C47320 /* AudioToolbox.framework */,
				F5F9F25A1AADC86F00C47320 /* AdSupport.framework */,
				F5E20DDE1A52BCC4007AA5F5 /* AddressBookUI.framework */,
				F511E27E196C27EE004D315F /* Foundation.framework */,
				F511E280196C27EE004D315F /* CoreGraphics.framework */,
				F511E282196C27EE004D315F /* UIKit.framework */,
				F511E29D196C27EE004D315F /* XCTest.framework */,
			);
			name = Frameworks;
			path = "Apps Mobile Company/Frameworks";
			sourceTree = "<group>";
		};
		F511E284196C27EE004D315F /* Apps Mobile Company */ = {
			isa = PBXGroup;
			children = (
				F5D42A3B1A1360850088A052 /* Resources */,
				F52838C9199A1A9800F3EB90 /* Layout */,
				F511E2B3196C3A2C004D315F /* Application */,
				F511E28D196C27EE004D315F /* AppDelegate.h */,
				F511E28E196C27EE004D315F /* AppDelegate.m */,
				F511E290196C27EE004D315F /* Main.storyboard */,
				F511E293196C27EE004D315F /* ViewController.h */,
				F511E294196C27EE004D315F /* ViewController.m */,
				F511E296196C27EE004D315F /* Images.xcassets */,
				F511E285196C27EE004D315F /* Supporting Files */,
			);
			path = "Apps Mobile Company";
			sourceTree = "<group>";
		};
		F511E285196C27EE004D315F /* Supporting Files */ = {
			isa = PBXGroup;
			children = (
				F511E286196C27EE004D315F /* Apps Mobile Company-Info.plist */,
				F511E287196C27EE004D315F /* InfoPlist.strings */,
				F511E28A196C27EE004D315F /* main.m */,
				F511E28C196C27EE004D315F /* Apps Mobile Company-Prefix.pch */,
			);
			name = "Supporting Files";
			sourceTree = "<group>";
		};
		F511E2B3196C3A2C004D315F /* Application */ = {
			isa = PBXGroup;
			children = (
				D4BE74DE1BDA351E000AEA22 /* MediaPlayer */,
				D4BE74E71BDA351E000AEA22 /* Share */,
				F52838D4199A1F2800F3EB90 /* common.h */,
				F52838D5199A1F2800F3EB90 /* common.m */,
				F5A59590196E902100EC6183 /* Cache */,
				F5E20DE01A52D715007AA5F5 /* Contact */,
				F511E2B8196C3AEF004D315F /* Url */,
				F511E2B4196C3A3C004D315F /* Request */,
			);
			name = Application;
			sourceTree = "<group>";
		};
		F511E2B4196C3A3C004D315F /* Request */ = {
			isa = PBXGroup;
			children = (
				F511E2B5196C3A5C004D315F /* Request.h */,
				F511E2B6196C3A5C004D315F /* Request.m */,
			);
			name = Request;
			sourceTree = "<group>";
		};
		F511E2B8196C3AEF004D315F /* Url */ = {
			isa = PBXGroup;
			children = (
				F511E2B9196C3B21004D315F /* Url.h */,
				F511E2BA196C3B21004D315F /* Url.m */,
			);
			name = Url;
			sourceTree = "<group>";
		};
		F52838C9199A1A9800F3EB90 /* Layout */ = {
			isa = PBXGroup;
			children = (
				F52838D0199A1DB400F3EB90 /* Loader */,
				F52838CA199A1ABE00F3EB90 /* Modals */,
			);
			name = Layout;
			sourceTree = "<group>";
		};
		F52838CA199A1ABE00F3EB90 /* Modals */ = {
			isa = PBXGroup;
			children = (
				F52838CB199A1ABE00F3EB90 /* webViewController.h */,
				F52838CC199A1ABE00F3EB90 /* webViewController.m */,
				D4A607411BDA34930042EA07 /* musicViewController.h */,
				D4A607421BDA34930042EA07 /* musicViewController.m */,
			);
			name = Modals;
			path = Layout/Modals;
			sourceTree = "<group>";
		};
		F52838D0199A1DB400F3EB90 /* Loader */ = {
			isa = PBXGroup;
			children = (
				F52838D1199A1DB400F3EB90 /* loaderView.h */,
				F52838D2199A1DB400F3EB90 /* loaderView.m */,
			);
			name = Loader;
			path = Layout/Loader;
			sourceTree = "<group>";
		};
		F5A59590196E902100EC6183 /* Cache */ = {
			isa = PBXGroup;
			children = (
				F5A595A6196E995A00EC6183 /* RNCachingURLProtocol.h */,
				F5A595A7196E995A00EC6183 /* RNCachingURLProtocol.m */,
				F5A59597196E914100EC6183 /* EVURLCache.h */,
				F5A59598196E914100EC6183 /* EVURLCache.m */,
			);
			name = Cache;
			path = Application/Cache;
			sourceTree = "<group>";
		};
		F5D42A3B1A1360850088A052 /* Resources */ = {
			isa = PBXGroup;
			children = (
				F5D42A441A139ABF0088A052 /* Languages */,
			);
			name = Resources;
			sourceTree = "<group>";
		};
		F5D42A441A139ABF0088A052 /* Languages */ = {
			isa = PBXGroup;
			children = (
				D4BE2FA41B25D4E9003AA93E /* en.lproj */,
			);
			name = Languages;
			sourceTree = "<group>";
		};
		F5E20DE01A52D715007AA5F5 /* Contact */ = {
			isa = PBXGroup;
			children = (
				F5E20DE11A52D747007AA5F5 /* Contact.h */,
				F5E20DE21A52D747007AA5F5 /* Contact.m */,
			);
			name = Contact;
			sourceTree = "<group>";
		};
/* End PBXGroup section */

/* Begin PBXNativeTarget section */
		F511E27A196C27EE004D315F /* Apps Mobile Company */ = {
			isa = PBXNativeTarget;
			buildConfigurationList = F511E2AD196C27EE004D315F /* Build configuration list for PBXNativeTarget "Apps Mobile Company" */;
			buildPhases = (
				F511E277196C27EE004D315F /* Sources */,
				F511E278196C27EE004D315F /* Frameworks */,
				F511E279196C27EE004D315F /* Resources */,
			);
			buildRules = (
			);
			dependencies = (
			);
			name = "Apps Mobile Company";
			productName = "Apps Mobile Company";
			productReference = F511E27B196C27EE004D315F /* Apps Mobile Company.app */;
			productType = "com.apple.product-type.application";
		};
/* End PBXNativeTarget section */

/* Begin PBXProject section */
		F511E273196C27EE004D315F /* Project object */ = {
			isa = PBXProject;
			attributes = {
				LastUpgradeCheck = 0510;
				ORGANIZATIONNAME = "Adrien Sala";
				TargetAttributes = {
					F511E27A196C27EE004D315F = {
						DevelopmentTeam = X45UK6MEMC;
						SystemCapabilities = {
							com.apple.BackgroundModes = {
								enabled = 1;
							};
						};
					};
				};
			};
			buildConfigurationList = F511E276196C27EE004D315F /* Build configuration list for PBXProject "Apps Mobile Company" */;
			compatibilityVersion = "Xcode 3.2";
			developmentRegion = English;
			hasScannedForEncodings = 0;
			knownRegions = (
				en,
				Base,
			);
			mainGroup = F511E272196C27EE004D315F;
			productRefGroup = F511E27C196C27EE004D315F /* Products */;
			projectDirPath = "";
			projectRoot = "";
			targets = (
				F511E27A196C27EE004D315F /* Apps Mobile Company */,
			);
		};
/* End PBXProject section */

/* Begin PBXResourcesBuildPhase section */
		F511E279196C27EE004D315F /* Resources */ = {
			isa = PBXResourcesBuildPhase;
			buildActionMask = 2147483647;
			files = (
				F511E297196C27EE004D315F /* Images.xcassets in Resources */,
				D4869F301B4576BB00212552 /* zbar-back.png in Resources */,
				D4869F331B4576BB00212552 /* zbar-samples.png in Resources */,
				D4BE2FA91B25D4E9003AA93E /* InfoPlist.strings in Resources */,
				D4BE2FAA1B25D4E9003AA93E /* Localizable.strings in Resources */,
				F511E289196C27EE004D315F /* InfoPlist.strings in Resources */,
				D4869F311B4576BB00212552 /* zbar-help.html in Resources */,
				D4869F321B4576BB00212552 /* zbar-helpicons.png in Resources */,
				F511E292196C27EE004D315F /* Main.storyboard in Resources */,
			);
			runOnlyForDeploymentPostprocessing = 0;
		};
/* End PBXResourcesBuildPhase section */

/* Begin PBXSourcesBuildPhase section */
		F511E277196C27EE004D315F /* Sources */ = {
			isa = PBXSourcesBuildPhase;
			buildActionMask = 2147483647;
			files = (
				D4A607431BDA34930042EA07 /* musicViewController.m in Sources */,
				D4BE74EB1BDA351E000AEA22 /* SocialSharing.m in Sources */,
				F5A595A1196E91FF00EC6183 /* EVURLCache.m in Sources */,
				F511E2BB196C3B21004D315F /* Url.m in Sources */,
				F511E295196C27EE004D315F /* ViewController.m in Sources */,
				F5A595A8196E995A00EC6183 /* RNCachingURLProtocol.m in Sources */,
				F5E20DE31A52D747007AA5F5 /* Contact.m in Sources */,
				F511E2B7196C3A5C004D315F /* Request.m in Sources */,
				F52838D3199A1DB400F3EB90 /* loaderView.m in Sources */,
				F52838D6199A1F2800F3EB90 /* common.m in Sources */,
				D4BE74EA1BDA351E000AEA22 /* AudioPlayer.m in Sources */,
				F52838CE199A1ABE00F3EB90 /* webViewController.m in Sources */,
				F511E28F196C27EE004D315F /* AppDelegate.m in Sources */,
				F511E28B196C27EE004D315F /* main.m in Sources */,
			);
			runOnlyForDeploymentPostprocessing = 0;
		};
/* End PBXSourcesBuildPhase section */

/* Begin PBXVariantGroup section */
		D4BE2FA51B25D4E9003AA93E /* InfoPlist.strings */ = {
			isa = PBXVariantGroup;
			children = (
				D4BE2FA61B25D4E9003AA93E /* en */,
			);
			name = InfoPlist.strings;
			sourceTree = "<group>";
		};
		D4BE2FA71B25D4E9003AA93E /* Localizable.strings */ = {
			isa = PBXVariantGroup;
			children = (
				D4BE2FA81B25D4E9003AA93E /* en */,
			);
			name = Localizable.strings;
			sourceTree = "<group>";
		};
		F511E287196C27EE004D315F /* InfoPlist.strings */ = {
			isa = PBXVariantGroup;
			children = (
				F511E288196C27EE004D315F /* en */,
			);
			name = InfoPlist.strings;
			path = Resources/Languages;
			sourceTree = "<group>";
		};
		F511E290196C27EE004D315F /* Main.storyboard */ = {
			isa = PBXVariantGroup;
			children = (
				F511E291196C27EE004D315F /* Base */,
			);
			name = Main.storyboard;
			sourceTree = "<group>";
		};
/* End PBXVariantGroup section */

/* Begin XCBuildConfiguration section */
		F506A25A19CEC0CA00B7C97F /* Distribution */ = {
			isa = XCBuildConfiguration;
			buildSettings = {
				ALWAYS_SEARCH_USER_PATHS = NO;
				CLANG_CXX_LANGUAGE_STANDARD = "gnu++0x";
				CLANG_CXX_LIBRARY = "libc++";
				CLANG_ENABLE_MODULES = YES;
				CLANG_ENABLE_OBJC_ARC = YES;
				CLANG_WARN_BOOL_CONVERSION = YES;
				CLANG_WARN_CONSTANT_CONVERSION = YES;
				CLANG_WARN_DIRECT_OBJC_ISA_USAGE = YES_ERROR;
				CLANG_WARN_EMPTY_BODY = YES;
				CLANG_WARN_ENUM_CONVERSION = YES;
				CLANG_WARN_INT_CONVERSION = YES;
				CLANG_WARN_OBJC_ROOT_CLASS = YES_ERROR;
				CLANG_WARN__DUPLICATE_METHOD_MATCH = YES;
				"CODE_SIGN_IDENTITY[sdk=iphoneos*]" = "iPhone Developer";
				COPY_PHASE_STRIP = YES;
				ENABLE_NS_ASSERTIONS = NO;
				GCC_C_LANGUAGE_STANDARD = gnu99;
				GCC_WARN_64_TO_32_BIT_CONVERSION = YES;
				GCC_WARN_ABOUT_RETURN_TYPE = YES_ERROR;
				GCC_WARN_UNDECLARED_SELECTOR = YES;
				GCC_WARN_UNINITIALIZED_AUTOS = YES_AGGRESSIVE;
				GCC_WARN_UNUSED_FUNCTION = YES;
				GCC_WARN_UNUSED_VARIABLE = YES;
				IPHONEOS_DEPLOYMENT_TARGET = 6.0;
				SDKROOT = iphoneos;
				VALIDATE_PRODUCT = YES;
			};
			name = Distribution;
		};
		F506A25B19CEC0CA00B7C97F /* Distribution */ = {
			isa = XCBuildConfiguration;
			buildSettings = {
				ASSETCATALOG_COMPILER_APPICON_NAME = AppIcon;
				ASSETCATALOG_COMPILER_LAUNCHIMAGE_NAME = LaunchImage;
				CODE_SIGN_IDENTITY = "iPhone Developer";
				ENABLE_BITCODE = NO;
				FRAMEWORK_SEARCH_PATHS = (
					"$(inherited)",
					"$(PROJECT_DIR)",
					"\"$(PROJECT_DIR)/Apps Mobile Company/Frameworks\"",
				);
				GCC_PRECOMPILE_PREFIX_HEADER = YES;
				GCC_PREFIX_HEADER = "Apps Mobile Company/Apps Mobile Company-Prefix.pch";
				INFOPLIST_FILE = "Apps Mobile Company/Apps Mobile Company-Info.plist";
				IPHONEOS_DEPLOYMENT_TARGET = 6.0;
				LIBRARY_SEARCH_PATHS = (
					"$(inherited)",
					"\"$(PROJECT_DIR)/Apps Mobile Company/Frameworks/ZBarSDK\"",
				);
				PRODUCT_NAME = "Apps Mobile Company";
				TARGETED_DEVICE_FAMILY = "1,2";
				WRAPPER_EXTENSION = app;
			};
			name = Distribution;
		};
		F511E2AB196C27EE004D315F /* Debug */ = {
			isa = XCBuildConfiguration;
			buildSettings = {
				ALWAYS_SEARCH_USER_PATHS = NO;
				CLANG_CXX_LANGUAGE_STANDARD = "gnu++0x";
				CLANG_CXX_LIBRARY = "libc++";
				CLANG_ENABLE_MODULES = YES;
				CLANG_ENABLE_OBJC_ARC = YES;
				CLANG_WARN_BOOL_CONVERSION = YES;
				CLANG_WARN_CONSTANT_CONVERSION = YES;
				CLANG_WARN_DIRECT_OBJC_ISA_USAGE = YES_ERROR;
				CLANG_WARN_EMPTY_BODY = YES;
				CLANG_WARN_ENUM_CONVERSION = YES;
				CLANG_WARN_INT_CONVERSION = YES;
				CLANG_WARN_OBJC_ROOT_CLASS = YES_ERROR;
				CLANG_WARN__DUPLICATE_METHOD_MATCH = YES;
				"CODE_SIGN_IDENTITY[sdk=iphoneos*]" = "iPhone Developer";
				COPY_PHASE_STRIP = NO;
				GCC_C_LANGUAGE_STANDARD = gnu99;
				GCC_DYNAMIC_NO_PIC = NO;
				GCC_OPTIMIZATION_LEVEL = 0;
				GCC_PREPROCESSOR_DEFINITIONS = (
					"DEBUG=1",
					"$(inherited)",
				);
				GCC_SYMBOLS_PRIVATE_EXTERN = NO;
				GCC_WARN_64_TO_32_BIT_CONVERSION = YES;
				GCC_WARN_ABOUT_RETURN_TYPE = YES_ERROR;
				GCC_WARN_UNDECLARED_SELECTOR = YES;
				GCC_WARN_UNINITIALIZED_AUTOS = YES_AGGRESSIVE;
				GCC_WARN_UNUSED_FUNCTION = YES;
				GCC_WARN_UNUSED_VARIABLE = YES;
				IPHONEOS_DEPLOYMENT_TARGET = 6.0;
				ONLY_ACTIVE_ARCH = YES;
				SDKROOT = iphoneos;
			};
			name = Debug;
		};
		F511E2AC196C27EE004D315F /* Release */ = {
			isa = XCBuildConfiguration;
			buildSettings = {
				ALWAYS_SEARCH_USER_PATHS = NO;
				CLANG_CXX_LANGUAGE_STANDARD = "gnu++0x";
				CLANG_CXX_LIBRARY = "libc++";
				CLANG_ENABLE_MODULES = YES;
				CLANG_ENABLE_OBJC_ARC = YES;
				CLANG_WARN_BOOL_CONVERSION = YES;
				CLANG_WARN_CONSTANT_CONVERSION = YES;
				CLANG_WARN_DIRECT_OBJC_ISA_USAGE = YES_ERROR;
				CLANG_WARN_EMPTY_BODY = YES;
				CLANG_WARN_ENUM_CONVERSION = YES;
				CLANG_WARN_INT_CONVERSION = YES;
				CLANG_WARN_OBJC_ROOT_CLASS = YES_ERROR;
				CLANG_WARN__DUPLICATE_METHOD_MATCH = YES;
				"CODE_SIGN_IDENTITY[sdk=iphoneos*]" = "iPhone Developer";
				COPY_PHASE_STRIP = YES;
				ENABLE_NS_ASSERTIONS = NO;
				GCC_C_LANGUAGE_STANDARD = gnu99;
				GCC_WARN_64_TO_32_BIT_CONVERSION = YES;
				GCC_WARN_ABOUT_RETURN_TYPE = YES_ERROR;
				GCC_WARN_UNDECLARED_SELECTOR = YES;
				GCC_WARN_UNINITIALIZED_AUTOS = YES_AGGRESSIVE;
				GCC_WARN_UNUSED_FUNCTION = YES;
				GCC_WARN_UNUSED_VARIABLE = YES;
				IPHONEOS_DEPLOYMENT_TARGET = 6.0;
				SDKROOT = iphoneos;
				VALIDATE_PRODUCT = YES;
			};
			name = Release;
		};
		F511E2AE196C27EE004D315F /* Debug */ = {
			isa = XCBuildConfiguration;
			buildSettings = {
				ASSETCATALOG_COMPILER_APPICON_NAME = AppIcon;
				ASSETCATALOG_COMPILER_LAUNCHIMAGE_NAME = LaunchImage;
				CODE_SIGN_IDENTITY = "iPhone Developer";
				ENABLE_BITCODE = NO;
				FRAMEWORK_SEARCH_PATHS = (
					"$(inherited)",
					"$(PROJECT_DIR)",
					"\"$(PROJECT_DIR)/Apps Mobile Company/Frameworks\"",
				);
				GCC_PRECOMPILE_PREFIX_HEADER = YES;
				GCC_PREFIX_HEADER = "Apps Mobile Company/Apps Mobile Company-Prefix.pch";
				INFOPLIST_FILE = "Apps Mobile Company/Apps Mobile Company-Info.plist";
				IPHONEOS_DEPLOYMENT_TARGET = 6.0;
				LIBRARY_SEARCH_PATHS = (
					"$(inherited)",
					"\"$(PROJECT_DIR)/Apps Mobile Company/Frameworks/ZBarSDK\"",
				);
				PRODUCT_NAME = "Apps Mobile Company";
				TARGETED_DEVICE_FAMILY = "1,2";
				WRAPPER_EXTENSION = app;
			};
			name = Debug;
		};
		F511E2AF196C27EE004D315F /* Release */ = {
			isa = XCBuildConfiguration;
			buildSettings = {
				ASSETCATALOG_COMPILER_APPICON_NAME = AppIcon;
				ASSETCATALOG_COMPILER_LAUNCHIMAGE_NAME = LaunchImage;
				CODE_SIGN_IDENTITY = "iPhone Developer";
				ENABLE_BITCODE = NO;
				FRAMEWORK_SEARCH_PATHS = (
					"$(inherited)",
					"$(PROJECT_DIR)",
					"\"$(PROJECT_DIR)/Apps Mobile Company/Frameworks\"",
				);
				GCC_PRECOMPILE_PREFIX_HEADER = YES;
				GCC_PREFIX_HEADER = "Apps Mobile Company/Apps Mobile Company-Prefix.pch";
				INFOPLIST_FILE = "Apps Mobile Company/Apps Mobile Company-Info.plist";
				IPHONEOS_DEPLOYMENT_TARGET = 6.0;
				LIBRARY_SEARCH_PATHS = (
					"$(inherited)",
					"\"$(PROJECT_DIR)/Apps Mobile Company/Frameworks/ZBarSDK\"",
				);
				PRODUCT_NAME = "Apps Mobile Company";
				TARGETED_DEVICE_FAMILY = "1,2";
				WRAPPER_EXTENSION = app;
			};
			name = Release;
		};
/* End XCBuildConfiguration section */

/* Begin XCConfigurationList section */
		F511E276196C27EE004D315F /* Build configuration list for PBXProject "Apps Mobile Company" */ = {
			isa = XCConfigurationList;
			buildConfigurations = (
				F511E2AB196C27EE004D315F /* Debug */,
				F511E2AC196C27EE004D315F /* Release */,
				F506A25A19CEC0CA00B7C97F /* Distribution */,
			);
			defaultConfigurationIsVisible = 0;
			defaultConfigurationName = Release;
		};
		F511E2AD196C27EE004D315F /* Build configuration list for PBXNativeTarget "Apps Mobile Company" */ = {
			isa = XCConfigurationList;
			buildConfigurations = (
				F511E2AE196C27EE004D315F /* Debug */,
				F511E2AF196C27EE004D315F /* Release */,
				F506A25B19CEC0CA00B7C97F /* Distribution */,
			);
			defaultConfigurationIsVisible = 0;
			defaultConfigurationName = Release;
		};
/* End XCConfigurationList section */
	};
	rootObject = F511E273196C27EE004D315F /* Project object */;
}
